// !$*UTF8*$!
{
	archiveVersion = 1;
	classes = {
	};
	objectVersion = 50;
	objects = {

/* Begin PBXBuildFile section */
		8F8D0F41237BA23400876D49 /* CHMenuViewConfig.swift in Sources */ = {isa = PBXBuildFile; fileRef = 8F8D0F40237BA23400876D49 /* CHMenuViewConfig.swift */; };
		8F8E6EDA23790E38000B6854 /* AppDelegate.swift in Sources */ = {isa = PBXBuildFile; fileRef = 8F8E6ED923790E38000B6854 /* AppDelegate.swift */; };
		8F8E6EDC23790E38000B6854 /* SceneDelegate.swift in Sources */ = {isa = PBXBuildFile; fileRef = 8F8E6EDB23790E38000B6854 /* SceneDelegate.swift */; };
		8F8E6EDE23790E38000B6854 /* ContentView.swift in Sources */ = {isa = PBXBuildFile; fileRef = 8F8E6EDD23790E38000B6854 /* ContentView.swift */; };
		8F8E6EE023790E3D000B6854 /* Assets.xcassets in Resources */ = {isa = PBXBuildFile; fileRef = 8F8E6EDF23790E3D000B6854 /* Assets.xcassets */; };
		8F8E6EE323790E3D000B6854 /* Preview Assets.xcassets in Resources */ = {isa = PBXBuildFile; fileRef = 8F8E6EE223790E3D000B6854 /* Preview Assets.xcassets */; };
		8F8E6EE623790E3D000B6854 /* LaunchScreen.storyboard in Resources */ = {isa = PBXBuildFile; fileRef = 8F8E6EE423790E3D000B6854 /* LaunchScreen.storyboard */; };
		8F8E6EF123790E3D000B6854 /* CHPageControllerTests.swift in Sources */ = {isa = PBXBuildFile; fileRef = 8F8E6EF023790E3D000B6854 /* CHPageControllerTests.swift */; };
		8F8E6EFC23790E3D000B6854 /* CHPageControllerUITests.swift in Sources */ = {isa = PBXBuildFile; fileRef = 8F8E6EFB23790E3D000B6854 /* CHPageControllerUITests.swift */; };
		8F8E6F0C23790EBE000B6854 /* CHPageViewController.swift in Sources */ = {isa = PBXBuildFile; fileRef = 8F8E6F0B23790EBE000B6854 /* CHPageViewController.swift */; };
		8F8E6F0E23790F54000B6854 /* CHPageMenuView.swift in Sources */ = {isa = PBXBuildFile; fileRef = 8F8E6F0D23790F54000B6854 /* CHPageMenuView.swift */; };
		8F8E6F1223791013000B6854 /* CHPageController.swift in Sources */ = {isa = PBXBuildFile; fileRef = 8F8E6F1123791013000B6854 /* CHPageController.swift */; };
		8F8E6F15237935AB000B6854 /* DemoListView.swift in Sources */ = {isa = PBXBuildFile; fileRef = 8F8E6F14237935AB000B6854 /* DemoListView.swift */; };
		8F8E6F19237942B0000B6854 /* Data.swift in Sources */ = {isa = PBXBuildFile; fileRef = 8F8E6F18237942B0000B6854 /* Data.swift */; };
/* End PBXBuildFile section */

/* Begin PBXContainerItemProxy section */
		8F8E6EED23790E3D000B6854 /* PBXContainerItemProxy */ = {
			isa = PBXContainerItemProxy;
			containerPortal = 8F8E6ECE23790E38000B6854 /* Project object */;
			proxyType = 1;
			remoteGlobalIDString = 8F8E6ED523790E38000B6854;
			remoteInfo = CHPageController;
		};
		8F8E6EF823790E3D000B6854 /* PBXContainerItemProxy */ = {
			isa = PBXContainerItemProxy;
			containerPortal = 8F8E6ECE23790E38000B6854 /* Project object */;
			proxyType = 1;
			remoteGlobalIDString = 8F8E6ED523790E38000B6854;
			remoteInfo = CHPageController;
		};
/* End PBXContainerItemProxy section */

/* Begin PBXFileReference section */
		8F8D0F40237BA23400876D49 /* CHMenuViewConfig.swift */ = {isa = PBXFileReference; lastKnownFileType = sourcecode.swift; path = CHMenuViewConfig.swift; sourceTree = "<group>"; };
		8F8E6ED623790E38000B6854 /* CHPageController.app */ = {isa = PBXFileReference; explicitFileType = wrapper.application; includeInIndex = 0; path = CHPageController.app; sourceTree = BUILT_PRODUCTS_DIR; };
		8F8E6ED923790E38000B6854 /* AppDelegate.swift */ = {isa = PBXFileReference; lastKnownFileType = sourcecode.swift; path = AppDelegate.swift; sourceTree = "<group>"; };
		8F8E6EDB23790E38000B6854 /* SceneDelegate.swift */ = {isa = PBXFileReference; lastKnownFileType = sourcecode.swift; path = SceneDelegate.swift; sourceTree = "<group>"; };
		8F8E6EDD23790E38000B6854 /* ContentView.swift */ = {isa = PBXFileReference; lastKnownFileType = sourcecode.swift; path = ContentView.swift; sourceTree = "<group>"; };
		8F8E6EDF23790E3D000B6854 /* Assets.xcassets */ = {isa = PBXFileReference; lastKnownFileType = folder.assetcatalog; path = Assets.xcassets; sourceTree = "<group>"; };
		8F8E6EE223790E3D000B6854 /* Preview Assets.xcassets */ = {isa = PBXFileReference; lastKnownFileType = folder.assetcatalog; path = "Preview Assets.xcassets"; sourceTree = "<group>"; };
		8F8E6EE523790E3D000B6854 /* Base */ = {isa = PBXFileReference; lastKnownFileType = file.storyboard; name = Base; path = Base.lproj/LaunchScreen.storyboard; sourceTree = "<group>"; };
		8F8E6EE723790E3D000B6854 /* Info.plist */ = {isa = PBXFileReference; lastKnownFileType = text.plist.xml; path = Info.plist; sourceTree = "<group>"; };
		8F8E6EEC23790E3D000B6854 /* CHPageControllerTests.xctest */ = {isa = PBXFileReference; explicitFileType = wrapper.cfbundle; includeInIndex = 0; path = CHPageControllerTests.xctest; sourceTree = BUILT_PRODUCTS_DIR; };
		8F8E6EF023790E3D000B6854 /* CHPageControllerTests.swift */ = {isa = PBXFileReference; lastKnownFileType = sourcecode.swift; path = CHPageControllerTests.swift; sourceTree = "<group>"; };
		8F8E6EF223790E3D000B6854 /* Info.plist */ = {isa = PBXFileReference; lastKnownFileType = text.plist.xml; path = Info.plist; sourceTree = "<group>"; };
		8F8E6EF723790E3D000B6854 /* CHPageControllerUITests.xctest */ = {isa = PBXFileReference; explicitFileType = wrapper.cfbundle; includeInIndex = 0; path = CHPageControllerUITests.xctest; sourceTree = BUILT_PRODUCTS_DIR; };
		8F8E6EFB23790E3D000B6854 /* CHPageControllerUITests.swift */ = {isa = PBXFileReference; lastKnownFileType = sourcecode.swift; path = CHPageControllerUITests.swift; sourceTree = "<group>"; };
		8F8E6EFD23790E3D000B6854 /* Info.plist */ = {isa = PBXFileReference; lastKnownFileType = text.plist.xml; path = Info.plist; sourceTree = "<group>"; };
		8F8E6F0B23790EBE000B6854 /* CHPageViewController.swift */ = {isa = PBXFileReference; lastKnownFileType = sourcecode.swift; path = CHPageViewController.swift; sourceTree = "<group>"; };
		8F8E6F0D23790F54000B6854 /* CHPageMenuView.swift */ = {isa = PBXFileReference; lastKnownFileType = sourcecode.swift; path = CHPageMenuView.swift; sourceTree = "<group>"; };
		8F8E6F1123791013000B6854 /* CHPageController.swift */ = {isa = PBXFileReference; lastKnownFileType = sourcecode.swift; path = CHPageController.swift; sourceTree = "<group>"; };
		8F8E6F14237935AB000B6854 /* DemoListView.swift */ = {isa = PBXFileReference; lastKnownFileType = sourcecode.swift; path = DemoListView.swift; sourceTree = "<group>"; };
		8F8E6F18237942B0000B6854 /* Data.swift */ = {isa = PBXFileReference; lastKnownFileType = sourcecode.swift; path = Data.swift; sourceTree = "<group>"; };
/* End PBXFileReference section */

/* Begin PBXFrameworksBuildPhase section */
		8F8E6ED323790E38000B6854 /* Frameworks */ = {
			isa = PBXFrameworksBuildPhase;
			buildActionMask = 2147483647;
			files = (
			);
			runOnlyForDeploymentPostprocessing = 0;
		};
		8F8E6EE923790E3D000B6854 /* Frameworks */ = {
			isa = PBXFrameworksBuildPhase;
			buildActionMask = 2147483647;
			files = (
			);
			runOnlyForDeploymentPostprocessing = 0;
		};
		8F8E6EF423790E3D000B6854 /* Frameworks */ = {
			isa = PBXFrameworksBuildPhase;
			buildActionMask = 2147483647;
			files = (
			);
			runOnlyForDeploymentPostprocessing = 0;
		};
/* End PBXFrameworksBuildPhase section */

/* Begin PBXGroup section */
		8F8E6ECD23790E38000B6854 = {
			isa = PBXGroup;
			children = (
				8F8E6ED823790E38000B6854 /* CHPageController */,
				8F8E6EEF23790E3D000B6854 /* CHPageControllerTests */,
				8F8E6EFA23790E3D000B6854 /* CHPageControllerUITests */,
				8F8E6ED723790E38000B6854 /* Products */,
			);
			sourceTree = "<group>";
		};
		8F8E6ED723790E38000B6854 /* Products */ = {
			isa = PBXGroup;
			children = (
				8F8E6ED623790E38000B6854 /* CHPageController.app */,
				8F8E6EEC23790E3D000B6854 /* CHPageControllerTests.xctest */,
				8F8E6EF723790E3D000B6854 /* CHPageControllerUITests.xctest */,
			);
			name = Products;
			sourceTree = "<group>";
		};
		8F8E6ED823790E38000B6854 /* CHPageController */ = {
			isa = PBXGroup;
			children = (
				8F8E6ED923790E38000B6854 /* AppDelegate.swift */,
				8F8E6EDB23790E38000B6854 /* SceneDelegate.swift */,
				8F8E6EDD23790E38000B6854 /* ContentView.swift */,
				8F8E6F17237942A1000B6854 /* Example */,
				8F8E6F1623794203000B6854 /* PageController */,
				8F8E6EDF23790E3D000B6854 /* Assets.xcassets */,
				8F8E6EE423790E3D000B6854 /* LaunchScreen.storyboard */,
				8F8E6EE723790E3D000B6854 /* Info.plist */,
				8F8E6EE123790E3D000B6854 /* Preview Content */,
			);
			path = CHPageController;
			sourceTree = "<group>";
		};
		8F8E6EE123790E3D000B6854 /* Preview Content */ = {
			isa = PBXGroup;
			children = (
				8F8E6EE223790E3D000B6854 /* Preview Assets.xcassets */,
			);
			path = "Preview Content";
			sourceTree = "<group>";
		};
		8F8E6EEF23790E3D000B6854 /* CHPageControllerTests */ = {
			isa = PBXGroup;
			children = (
				8F8E6EF023790E3D000B6854 /* CHPageControllerTests.swift */,
				8F8E6EF223790E3D000B6854 /* Info.plist */,
			);
			path = CHPageControllerTests;
			sourceTree = "<group>";
		};
		8F8E6EFA23790E3D000B6854 /* CHPageControllerUITests */ = {
			isa = PBXGroup;
			children = (
				8F8E6EFB23790E3D000B6854 /* CHPageControllerUITests.swift */,
				8F8E6EFD23790E3D000B6854 /* Info.plist */,
			);
			path = CHPageControllerUITests;
			sourceTree = "<group>";
		};
		8F8E6F1623794203000B6854 /* PageController */ = {
			isa = PBXGroup;
			children = (
				8F8E6F1123791013000B6854 /* CHPageController.swift */,
				8F8E6F0B23790EBE000B6854 /* CHPageViewController.swift */,
				8F8E6F0D23790F54000B6854 /* CHPageMenuView.swift */,
				8F8D0F40237BA23400876D49 /* CHMenuViewConfig.swift */,
			);
			path = PageController;
			sourceTree = "<group>";
		};
		8F8E6F17237942A1000B6854 /* Example */ = {
			isa = PBXGroup;
			children = (
				8F8E6F14237935AB000B6854 /* DemoListView.swift */,
				8F8E6F18237942B0000B6854 /* Data.swift */,
			);
			path = Example;
			sourceTree = "<group>";
		};
/* End PBXGroup section */

/* Begin PBXNativeTarget section */
		8F8E6ED523790E38000B6854 /* CHPageController */ = {
			isa = PBXNativeTarget;
			buildConfigurationList = 8F8E6F0023790E3D000B6854 /* Build configuration list for PBXNativeTarget "CHPageController" */;
			buildPhases = (
				8F8E6ED223790E38000B6854 /* Sources */,
				8F8E6ED323790E38000B6854 /* Frameworks */,
				8F8E6ED423790E38000B6854 /* Resources */,
			);
			buildRules = (
			);
			dependencies = (
			);
			name = CHPageController;
			productName = CHPageController;
			productReference = 8F8E6ED623790E38000B6854 /* CHPageController.app */;
			productType = "com.apple.product-type.application";
		};
		8F8E6EEB23790E3D000B6854 /* CHPageControllerTests */ = {
			isa = PBXNativeTarget;
			buildConfigurationList = 8F8E6F0323790E3D000B6854 /* Build configuration list for PBXNativeTarget "CHPageControllerTests" */;
			buildPhases = (
				8F8E6EE823790E3D000B6854 /* Sources */,
				8F8E6EE923790E3D000B6854 /* Frameworks */,
				8F8E6EEA23790E3D000B6854 /* Resources */,
			);
			buildRules = (
			);
			dependencies = (
				8F8E6EEE23790E3D000B6854 /* PBXTargetDependency */,
			);
			name = CHPageControllerTests;
			productName = CHPageControllerTests;
			productReference = 8F8E6EEC23790E3D000B6854 /* CHPageControllerTests.xctest */;
			productType = "com.apple.product-type.bundle.unit-test";
		};
		8F8E6EF623790E3D000B6854 /* CHPageControllerUITests */ = {
			isa = PBXNativeTarget;
			buildConfigurationList = 8F8E6F0623790E3D000B6854 /* Build configuration list for PBXNativeTarget "CHPageControllerUITests" */;
			buildPhases = (
				8F8E6EF323790E3D000B6854 /* Sources */,
				8F8E6EF423790E3D000B6854 /* Frameworks */,
				8F8E6EF523790E3D000B6854 /* Resources */,
			);
			buildRules = (
			);
			dependencies = (
				8F8E6EF923790E3D000B6854 /* PBXTargetDependency */,
			);
			name = CHPageControllerUITests;
			productName = CHPageControllerUITests;
			productReference = 8F8E6EF723790E3D000B6854 /* CHPageControllerUITests.xctest */;
			productType = "com.apple.product-type.bundle.ui-testing";
		};
/* End PBXNativeTarget section */

/* Begin PBXProject section */
		8F8E6ECE23790E38000B6854 /* Project object */ = {
			isa = PBXProject;
			attributes = {
				LastSwiftUpdateCheck = 1120;
				LastUpgradeCheck = 1120;
				ORGANIZATIONNAME = chs;
				TargetAttributes = {
					8F8E6ED523790E38000B6854 = {
						CreatedOnToolsVersion = 11.2;
					};
					8F8E6EEB23790E3D000B6854 = {
						CreatedOnToolsVersion = 11.2;
						TestTargetID = 8F8E6ED523790E38000B6854;
					};
					8F8E6EF623790E3D000B6854 = {
						CreatedOnToolsVersion = 11.2;
						TestTargetID = 8F8E6ED523790E38000B6854;
					};
				};
			};
			buildConfigurationList = 8F8E6ED123790E38000B6854 /* Build configuration list for PBXProject "CHPageController" */;
			compatibilityVersion = "Xcode 9.3";
			developmentRegion = en;
			hasScannedForEncodings = 0;
			knownRegions = (
				en,
				Base,
			);
			mainGroup = 8F8E6ECD23790E38000B6854;
			productRefGroup = 8F8E6ED723790E38000B6854 /* Products */;
			projectDirPath = "";
			projectRoot = "";
			targets = (
				8F8E6ED523790E38000B6854 /* CHPageController */,
				8F8E6EEB23790E3D000B6854 /* CHPageControllerTests */,
				8F8E6EF623790E3D000B6854 /* CHPageControllerUITests */,
			);
		};
/* End PBXProject section */

/* Begin PBXResourcesBuildPhase section */
		8F8E6ED423790E38000B6854 /* Resources */ = {
			isa = PBXResourcesBuildPhase;
			buildActionMask = 2147483647;
			files = (
				8F8E6EE623790E3D000B6854 /* LaunchScreen.storyboard in Resources */,
				8F8E6EE323790E3D000B6854 /* Preview Assets.xcassets in Resources */,
				8F8E6EE023790E3D000B6854 /* Assets.xcassets in Resources */,
			);
			runOnlyForDeploymentPostprocessing = 0;
		};
		8F8E6EEA23790E3D000B6854 /* Resources */ = {
			isa = PBXResourcesBuildPhase;
			buildActionMask = 2147483647;
			files = (
			);
			runOnlyForDeploymentPostprocessing = 0;
		};
		8F8E6EF523790E3D000B6854 /* Resources */ = {
			isa = PBXResourcesBuildPhase;
			buildActionMask = 2147483647;
			files = (
			);
			runOnlyForDeploymentPostprocessing = 0;
		};
/* End PBXResourcesBuildPhase section */

/* Begin PBXSourcesBuildPhase section */
		8F8E6ED223790E38000B6854 /* Sources */ = {
			isa = PBXSourcesBuildPhase;
			buildActionMask = 2147483647;
			files = (
				8F8E6F0C23790EBE000B6854 /* CHPageViewController.swift in Sources */,
				8F8E6EDA23790E38000B6854 /* AppDelegate.swift in Sources */,
				8F8E6F15237935AB000B6854 /* DemoListView.swift in Sources */,
				8F8E6EDC23790E38000B6854 /* SceneDelegate.swift in Sources */,
				8F8E6F1223791013000B6854 /* CHPageController.swift in Sources */,
				8F8E6EDE23790E38000B6854 /* ContentView.swift in Sources */,
				8F8E6F0E23790F54000B6854 /* CHPageMenuView.swift in Sources */,
				8F8D0F41237BA23400876D49 /* CHMenuViewConfig.swift in Sources */,
				8F8E6F19237942B0000B6854 /* Data.swift in Sources */,
			);
			runOnlyForDeploymentPostprocessing = 0;
		};
		8F8E6EE823790E3D000B6854 /* Sources */ = {
			isa = PBXSourcesBuildPhase;
			buildActionMask = 2147483647;
			files = (
				8F8E6EF123790E3D000B6854 /* CHPageControllerTests.swift in Sources */,
			);
			runOnlyForDeploymentPostprocessing = 0;
		};
		8F8E6EF323790E3D000B6854 /* Sources */ = {
			isa = PBXSourcesBuildPhase;
			buildActionMask = 2147483647;
			files = (
				8F8E6EFC23790E3D000B6854 /* CHPageControllerUITests.swift in Sources */,
			);
			runOnlyForDeploymentPostprocessing = 0;
		};
/* End PBXSourcesBuildPhase section */

/* Begin PBXTargetDependency section */
		8F8E6EEE23790E3D000B6854 /* PBXTargetDependency */ = {
			isa = PBXTargetDependency;
			target = 8F8E6ED523790E38000B6854 /* CHPageController */;
			targetProxy = 8F8E6EED23790E3D000B6854 /* PBXContainerItemProxy */;
		};
		8F8E6EF923790E3D000B6854 /* PBXTargetDependency */ = {
			isa = PBXTargetDependency;
			target = 8F8E6ED523790E38000B6854 /* CHPageController */;
			targetProxy = 8F8E6EF823790E3D000B6854 /* PBXContainerItemProxy */;
		};
/* End PBXTargetDependency section */

/* Begin PBXVariantGroup section */
		8F8E6EE423790E3D000B6854 /* LaunchScreen.storyboard */ = {
			isa = PBXVariantGroup;
			children = (
				8F8E6EE523790E3D000B6854 /* Base */,
			);
			name = LaunchScreen.storyboard;
			sourceTree = "<group>";
		};
/* End PBXVariantGroup section */

/* Begin XCBuildConfiguration section */
		8F8E6EFE23790E3D000B6854 /* Debug */ = {
			isa = XCBuildConfiguration;
			buildSettings = {
				ALWAYS_SEARCH_USER_PATHS = NO;
				CLANG_ANALYZER_NONNULL = YES;
				CLANG_ANALYZER_NUMBER_OBJECT_CONVERSION = YES_AGGRESSIVE;
				CLANG_CXX_LANGUAGE_STANDARD = "gnu++14";
				CLANG_CXX_LIBRARY = "libc++";
				CLANG_ENABLE_MODULES = YES;
				CLANG_ENABLE_OBJC_ARC = YES;
				CLANG_ENABLE_OBJC_WEAK = YES;
				CLANG_WARN_BLOCK_CAPTURE_AUTORELEASING = YES;
				CLANG_WARN_BOOL_CONVERSION = YES;
				CLANG_WARN_COMMA = YES;
				CLANG_WARN_CONSTANT_CONVERSION = YES;
				CLANG_WARN_DEPRECATED_OBJC_IMPLEMENTATIONS = YES;
				CLANG_WARN_DIRECT_OBJC_ISA_USAGE = YES_ERROR;
				CLANG_WARN_DOCUMENTATION_COMMENTS = YES;
				CLANG_WARN_EMPTY_BODY = YES;
				CLANG_WARN_ENUM_CONVERSION = YES;
				CLANG_WARN_INFINITE_RECURSION = YES;
				CLANG_WARN_INT_CONVERSION = YES;
				CLANG_WARN_NON_LITERAL_NULL_CONVERSION = YES;
				CLANG_WARN_OBJC_IMPLICIT_RETAIN_SELF = YES;
				CLANG_WARN_OBJC_LITERAL_CONVERSION = YES;
				CLANG_WARN_OBJC_ROOT_CLASS = YES_ERROR;
				CLANG_WARN_RANGE_LOOP_ANALYSIS = YES;
				CLANG_WARN_STRICT_PROTOTYPES = YES;
				CLANG_WARN_SUSPICIOUS_MOVE = YES;
				CLANG_WARN_UNGUARDED_AVAILABILITY = YES_AGGRESSIVE;
				CLANG_WARN_UNREACHABLE_CODE = YES;
				CLANG_WARN__DUPLICATE_METHOD_MATCH = YES;
				COPY_PHASE_STRIP = NO;
				DEBUG_INFORMATION_FORMAT = dwarf;
				ENABLE_STRICT_OBJC_MSGSEND = YES;
				ENABLE_TESTABILITY = YES;
				GCC_C_LANGUAGE_STANDARD = gnu11;
				GCC_DYNAMIC_NO_PIC = NO;
				GCC_NO_COMMON_BLOCKS = YES;
				GCC_OPTIMIZATION_LEVEL = 0;
				GCC_PREPROCESSOR_DEFINITIONS = (
					"DEBUG=1",
					"$(inherited)",
				);
				GCC_WARN_64_TO_32_BIT_CONVERSION = YES;
				GCC_WARN_ABOUT_RETURN_TYPE = YES_ERROR;
				GCC_WARN_UNDECLARED_SELECTOR = YES;
				GCC_WARN_UNINITIALIZED_AUTOS = YES_AGGRESSIVE;
				GCC_WARN_UNUSED_FUNCTION = YES;
				GCC_WARN_UNUSED_VARIABLE = YES;
				IPHONEOS_DEPLOYMENT_TARGET = 13.2;
				MTL_ENABLE_DEBUG_INFO = INCLUDE_SOURCE;
				MTL_FAST_MATH = YES;
				ONLY_ACTIVE_ARCH = YES;
				SDKROOT = iphoneos;
				SWIFT_ACTIVE_COMPILATION_CONDITIONS = DEBUG;
				SWIFT_OPTIMIZATION_LEVEL = "-Onone";
			};
			name = Debug;
		};
		8F8E6EFF23790E3D000B6854 /* Release */ = {
			isa = XCBuildConfiguration;
			buildSettings = {
				ALWAYS_SEARCH_USER_PATHS = NO;
				CLANG_ANALYZER_NONNULL = YES;
				CLANG_ANALYZER_NUMBER_OBJECT_CONVERSION = YES_AGGRESSIVE;
				CLANG_CXX_LANGUAGE_STANDARD = "gnu++14";
				CLANG_CXX_LIBRARY = "libc++";
				CLANG_ENABLE_MODULES = YES;
				CLANG_ENABLE_OBJC_ARC = YES;
				CLANG_ENABLE_OBJC_WEAK = YES;
				CLANG_WARN_BLOCK_CAPTURE_AUTORELEASING = YES;
				CLANG_WARN_BOOL_CONVERSION = YES;
				CLANG_WARN_COMMA = YES;
				CLANG_WARN_CONSTANT_CONVERSION = YES;
				CLANG_WARN_DEPRECATED_OBJC_IMPLEMENTATIONS = YES;
				CLANG_WARN_DIRECT_OBJC_ISA_USAGE = YES_ERROR;
				CLANG_WARN_DOCUMENTATION_COMMENTS = YES;
				CLANG_WARN_EMPTY_BODY = YES;
				CLANG_WARN_ENUM_CONVERSION = YES;
				CLANG_WARN_INFINITE_RECURSION = YES;
				CLANG_WARN_INT_CONVERSION = YES;
				CLANG_WARN_NON_LITERAL_NULL_CONVERSION = YES;
				CLANG_WARN_OBJC_IMPLICIT_RETAIN_SELF = YES;
				CLANG_WARN_OBJC_LITERAL_CONVERSION = YES;
				CLANG_WARN_OBJC_ROOT_CLASS = YES_ERROR;
				CLANG_WARN_RANGE_LOOP_ANALYSIS = YES;
				CLANG_WARN_STRICT_PROTOTYPES = YES;
				CLANG_WARN_SUSPICIOUS_MOVE = YES;
				CLANG_WARN_UNGUARDED_AVAILABILITY = YES_AGGRESSIVE;
				CLANG_WARN_UNREACHABLE_CODE = YES;
				CLANG_WARN__DUPLICATE_METHOD_MATCH = YES;
				COPY_PHASE_STRIP = NO;
				DEBUG_INFORMATION_FORMAT = "dwarf-with-dsym";
				ENABLE_NS_ASSERTIONS = NO;
				ENABLE_STRICT_OBJC_MSGSEND = YES;
				GCC_C_LANGUAGE_STANDARD = gnu11;
				GCC_NO_COMMON_BLOCKS = YES;
				GCC_WARN_64_TO_32_BIT_CONVERSION = YES;
				GCC_WARN_ABOUT_RETURN_TYPE = YES_ERROR;
				GCC_WARN_UNDECLARED_SELECTOR = YES;
				GCC_WARN_UNINITIALIZED_AUTOS = YES_AGGRESSIVE;
				GCC_WARN_UNUSED_FUNCTION = YES;
				GCC_WARN_UNUSED_VARIABLE = YES;
				IPHONEOS_DEPLOYMENT_TARGET = 13.2;
				MTL_ENABLE_DEBUG_INFO = NO;
				MTL_FAST_MATH = YES;
				SDKROOT = iphoneos;
				SWIFT_COMPILATION_MODE = wholemodule;
				SWIFT_OPTIMIZATION_LEVEL = "-O";
				VALIDATE_PRODUCT = YES;
			};
			name = Release;
		};
		8F8E6F0123790E3D000B6854 /* Debug */ = {
			isa = XCBuildConfiguration;
			buildSettings = {
				ASSETCATALOG_COMPILER_APPICON_NAME = AppIcon;
				CODE_SIGN_STYLE = Automatic;
				DEVELOPMENT_ASSET_PATHS = "\"CHPageController/Preview Content\"";
				ENABLE_PREVIEWS = YES;
				INFOPLIST_FILE = CHPageController/Info.plist;
				LD_RUNPATH_SEARCH_PATHS = (
					"$(inherited)",
					"@executable_path/Frameworks",
				);
				PRODUCT_BUNDLE_IDENTIFIER = chs.CHPageController;
				PRODUCT_NAME = "$(TARGET_NAME)";
				SWIFT_VERSION = 5.0;
				TARGETED_DEVICE_FAMILY = "1,2";
			};
			name = Debug;
		};
		8F8E6F0223790E3D000B6854 /* Release */ = {
			isa = XCBuildConfiguration;
			buildSettings = {
				ASSETCATALOG_COMPILER_APPICON_NAME = AppIcon;
				CODE_SIGN_STYLE = Automatic;
				DEVELOPMENT_ASSET_PATHS = "\"CHPageController/Preview Content\"";
				ENABLE_PREVIEWS = YES;
				INFOPLIST_FILE = CHPageController/Info.plist;
				LD_RUNPATH_SEARCH_PATHS = (
					"$(inherited)",
					"@executable_path/Frameworks",
				);
				PRODUCT_BUNDLE_IDENTIFIER = chs.CHPageController;
				PRODUCT_NAME = "$(TARGET_NAME)";
				SWIFT_VERSION = 5.0;
				TARGETED_DEVICE_FAMILY = "1,2";
			};
			name = Release;
		};
		8F8E6F0423790E3D000B6854 /* Debug */ = {
			isa = XCBuildConfiguration;
			buildSettings = {
				ALWAYS_EMBED_SWIFT_STANDARD_LIBRARIES = YES;
				BUNDLE_LOADER = "$(TEST_HOST)";
				CODE_SIGN_STYLE = Automatic;
				INFOPLIST_FILE = CHPageControllerTests/Info.plist;
				IPHONEOS_DEPLOYMENT_TARGET = 13.2;
				LD_RUNPATH_SEARCH_PATHS = (
					"$(inherited)",
					"@executable_path/Frameworks",
					"@loader_path/Frameworks",
				);
				PRODUCT_BUNDLE_IDENTIFIER = chs.CHPageControllerTests;
				PRODUCT_NAME = "$(TARGET_NAME)";
				SWIFT_VERSION = 5.0;
				TARGETED_DEVICE_FAMILY = "1,2";
				TEST_HOST = "$(BUILT_PRODUCTS_DIR)/CHPageController.app/CHPageController";
			};
			name = Debug;
		};
		8F8E6F0523790E3D000B6854 /* Release */ = {
			isa = XCBuildConfiguration;
			buildSettings = {
				ALWAYS_EMBED_SWIFT_STANDARD_LIBRARIES = YES;
				BUNDLE_LOADER = "$(TEST_HOST)";
				CODE_SIGN_STYLE = Automatic;
				INFOPLIST_FILE = CHPageControllerTests/Info.plist;
				IPHONEOS_DEPLOYMENT_TARGET = 13.2;
				LD_RUNPATH_SEARCH_PATHS = (
					"$(inherited)",
					"@executable_path/Frameworks",
					"@loader_path/Frameworks",
				);
				PRODUCT_BUNDLE_IDENTIFIER = chs.CHPageControllerTests;
				PRODUCT_NAME = "$(TARGET_NAME)";
				SWIFT_VERSION = 5.0;
				TARGETED_DEVICE_FAMILY = "1,2";
				TEST_HOST = "$(BUILT_PRODUCTS_DIR)/CHPageController.app/CHPageController";
			};
			name = Release;
		};
		8F8E6F0723790E3D000B6854 /* Debug */ = {
			isa = XCBuildConfiguration;
			buildSettings = {
				ALWAYS_EMBED_SWIFT_STANDARD_LIBRARIES = YES;
				CODE_SIGN_STYLE = Automatic;
				INFOPLIST_FILE = CHPageControllerUITests/Info.plist;
				LD_RUNPATH_SEARCH_PATHS = (
					"$(inherited)",
					"@executable_path/Frameworks",
					"@loader_path/Frameworks",
				);
				PRODUCT_BUNDLE_IDENTIFIER = chs.CHPageControllerUITests;
				PRODUCT_NAME = "$(TARGET_NAME)";
				SWIFT_VERSION = 5.0;
				TARGETED_DEVICE_FAMILY = "1,2";
				TEST_TARGET_NAME = CHPageController;
			};
			name = Debug;
		};
		8F8E6F0823790E3D000B6854 /* Release */ = {
			isa = XCBuildConfiguration;
			buildSettings = {
				ALWAYS_EMBED_SWIFT_STANDARD_LIBRARIES = YES;
				CODE_SIGN_STYLE = Automatic;
				INFOPLIST_FILE = CHPageControllerUITests/Info.plist;
				LD_RUNPATH_SEARCH_PATHS = (
					"$(inherited)",
					"@executable_path/Frameworks",
					"@loader_path/Frameworks",
				);
				PRODUCT_BUNDLE_IDENTIFIER = chs.CHPageControllerUITests;
				PRODUCT_NAME = "$(TARGET_NAME)";
				SWIFT_VERSION = 5.0;
				TARGETED_DEVICE_FAMILY = "1,2";
				TEST_TARGET_NAME = CHPageController;
			};
			name = Release;
		};
/* End XCBuildConfiguration section */

/* Begin XCConfigurationList section */
		8F8E6ED123790E38000B6854 /* Build configuration list for PBXProject "CHPageController" */ = {
			isa = XCConfigurationList;
			buildConfigurations = (
				8F8E6EFE23790E3D000B6854 /* Debug */,
				8F8E6EFF23790E3D000B6854 /* Release */,
			);
			defaultConfigurationIsVisible = 0;
			defaultConfigurationName = Release;
		};
		8F8E6F0023790E3D000B6854 /* Build configuration list for PBXNativeTarget "CHPageController" */ = {
			isa = XCConfigurationList;
			buildConfigurations = (
				8F8E6F0123790E3D000B6854 /* Debug */,
				8F8E6F0223790E3D000B6854 /* Release */,
			);
			defaultConfigurationIsVisible = 0;
			defaultConfigurationName = Release;
		};
		8F8E6F0323790E3D000B6854 /* Build configuration list for PBXNativeTarget "CHPageControllerTests" */ = {
			isa = XCConfigurationList;
			buildConfigurations = (
				8F8E6F0423790E3D000B6854 /* Debug */,
				8F8E6F0523790E3D000B6854 /* Release */,
			);
			defaultConfigurationIsVisible = 0;
			defaultConfigurationName = Release;
		};
		8F8E6F0623790E3D000B6854 /* Build configuration list for PBXNativeTarget "CHPageControllerUITests" */ = {
			isa = XCConfigurationList;
			buildConfigurations = (
				8F8E6F0723790E3D000B6854 /* Debug */,
				8F8E6F0823790E3D000B6854 /* Release */,
			);
			defaultConfigurationIsVisible = 0;
			defaultConfigurationName = Release;
		};
/* End XCConfigurationList section */
	};
	rootObject = 8F8E6ECE23790E38000B6854 /* Project object */;
}
